
Microsoft Visual Studio Solution File, Format Version 12.00
# Visual Studio Version 17
VisualStudioVersion = 17.9.34723.18
MinimumVisualStudioVersion = 10.0.40219.1
Project("{FAE04EC0-301F-11D3-BF4B-00C04F79EFBC}") = "1-ten", "1-ten\1-ten.csproj", "{9204FA56-8E3C-46F7-BA38-193FF8240FAE}"
EndProject
Global
	GlobalSection(SolutionConfigurationPlatforms) = preSolution
		Debug|Any CPU = Debug|Any CPU
		Release|Any CPU = Release|Any CPU
	EndGlobalSection
	GlobalSection(ProjectConfigurationPlatforms) = postSolution
		{9204FA56-8E3C-46F7-BA38-193FF8240FAE}.Debug|Any CPU.ActiveCfg = Debug|Any CPU
		{9204FA56-8E3C-46F7-BA38-193FF8240FAE}.Debug|Any CPU.Build.0 = Debug|Any CPU
		{9204FA56-8E3C-46F7-BA38-193FF8240FAE}.Release|Any CPU.ActiveCfg = Release|Any CPU
		{9204FA56-8E3C-46F7-BA38-193FF8240FAE}.Release|Any CPU.Build.0 = Release|Any CPU
	EndGlobalSection
	GlobalSection(SolutionProperties) = preSolution
		HideSolutionNode = FALSE
	EndGlobalSection
	GlobalSection(ExtensibilityGlobals) = postSolution
		SolutionGuid = {ECE84246-1486-4BD4-9AAD-233A15D771F4}
	EndGlobalSection
EndGlobal
